
Microsoft Visual Studio Solution File, Format Version 12.00
# Visual Studio Version 16
VisualStudioVersion = 16.0.29201.188
MinimumVisualStudioVersion = 10.0.40219.1
Project("{9A19103F-16F7-4668-BE54-9A1E7A4F7556}") = "Battleships", "Battleships\Battleships.csproj", "{4E15D75B-4AE4-4503-9F33-EB3FBBCD1778}"
EndProject
Project("{9A19103F-16F7-4668-BE54-9A1E7A4F7556}") = "Battleships_UnitTests", "Battleships_UnitTests\Battleships_UnitTests.csproj", "{D96CB55B-3632-461F-82E6-0598BBA48BDB}"
EndProject
Global
	GlobalSection(SolutionConfigurationPlatforms) = preSolution
		Debug|Any CPU = Debug|Any CPU
		Release|Any CPU = Release|Any CPU
	EndGlobalSection
	GlobalSection(ProjectConfigurationPlatforms) = postSolution
		{4E15D75B-4AE4-4503-9F33-EB3FBBCD1778}.Debug|Any CPU.ActiveCfg = Debug|Any CPU
		{4E15D75B-4AE4-4503-9F33-EB3FBBCD1778}.Debug|Any CPU.Build.0 = Debug|Any CPU
		{4E15D75B-4AE4-4503-9F33-EB3FBBCD1778}.Release|Any CPU.ActiveCfg = Release|Any CPU
		{4E15D75B-4AE4-4503-9F33-EB3FBBCD1778}.Release|Any CPU.Build.0 = Release|Any CPU
		{D96CB55B-3632-461F-82E6-0598BBA48BDB}.Debug|Any CPU.ActiveCfg = Debug|Any CPU
		{D96CB55B-3632-461F-82E6-0598BBA48BDB}.Debug|Any CPU.Build.0 = Debug|Any CPU
		{D96CB55B-3632-461F-82E6-0598BBA48BDB}.Release|Any CPU.ActiveCfg = Release|Any CPU
		{D96CB55B-3632-461F-82E6-0598BBA48BDB}.Release|Any CPU.Build.0 = Release|Any CPU
	EndGlobalSection
	GlobalSection(SolutionProperties) = preSolution
		HideSolutionNode = FALSE
	EndGlobalSection
	GlobalSection(ExtensibilityGlobals) = postSolution
		SolutionGuid = {7CE45750-2FBA-48D7-8004-BA8AF79AA28B}
	EndGlobalSection
EndGlobal
